// !$*UTF8*$!
{
	archiveVersion = 1;
	classes = {
	};
	objectVersion = 77;
	objects = {

/* Begin PBXBuildFile section */
		062B154D17B21AC4263407A2 /* TimerCLI.framework in Embed Frameworks */ = {isa = PBXBuildFile; fileRef = ED2AFEF4A600E0069FFE80B4 /* TimerCLI.framework */; settings = {ATTRIBUTES = (CodeSignOnCopy, RemoveHeadersOnCopy, ); }; };
		0FA74BB7325C53562C48850B /* ShortcutRecorderButton.swift in Sources */ = {isa = PBXBuildFile; fileRef = 400AF8FE3F28AA33FF46DD6A /* ShortcutRecorderButton.swift */; };
		10392FA18CB5E885C16DDB00 /* Preferences.swift in Sources */ = {isa = PBXBuildFile; fileRef = 6FC41C444C11462703C6C291 /* Preferences.swift */; };
		11F8F881581CAB470F541AE6 /* TimerStore.swift in Sources */ = {isa = PBXBuildFile; fileRef = BFDED38C5D00677F5F0E0D57 /* TimerStore.swift */; };
		145F6B253DCB4803715ED3AA /* CLIParserTests.swift in Sources */ = {isa = PBXBuildFile; fileRef = E6C40D936E7146CC6A21AC7B /* CLIParserTests.swift */; };
		17E60E912B04CFA617E30DD8 /* AppDelegate.swift in Sources */ = {isa = PBXBuildFile; fileRef = F1885A54CE48F2A394D4E9CA /* AppDelegate.swift */; };
		17EE95894B05DC2AC0746BC0 /* IPCResponse.swift in Sources */ = {isa = PBXBuildFile; fileRef = 66B25BE085D1C92644EE41EB /* IPCResponse.swift */; };
		19C324C01F4D7DBCCEC0BF7D /* PromptTimerCore.framework in Frameworks */ = {isa = PBXBuildFile; fileRef = B2AAFE764F82E8C24B0D17AB /* PromptTimerCore.framework */; };
		1CA4CF683EF81247D6BEC327 /* QuickAddWindowController.swift in Sources */ = {isa = PBXBuildFile; fileRef = 06B7A94C5404295490831434 /* QuickAddWindowController.swift */; };
		1CBF648D59D31BE99E879E85 /* PromptTimerCore.framework in Embed Frameworks */ = {isa = PBXBuildFile; fileRef = B2AAFE764F82E8C24B0D17AB /* PromptTimerCore.framework */; settings = {ATTRIBUTES = (CodeSignOnCopy, RemoveHeadersOnCopy, ); }; };
		24488FCB9CD7CC66CACDD269 /* PromptTimerCore.framework in Frameworks */ = {isa = PBXBuildFile; fileRef = B2AAFE764F82E8C24B0D17AB /* PromptTimerCore.framework */; };
		266BA3BAE5A7F986C33EB839 /* TimerCLI.framework in Frameworks */ = {isa = PBXBuildFile; fileRef = ED2AFEF4A600E0069FFE80B4 /* TimerCLI.framework */; };
		2D5ECEDE7A8802DB51400CA1 /* AppState.swift in Sources */ = {isa = PBXBuildFile; fileRef = 2EA9F7FCA703E287EA9BA4D6 /* AppState.swift */; };
		3679678D7C2DB60D67DA5AF2 /* PromptTimerApp.swift in Sources */ = {isa = PBXBuildFile; fileRef = 533E03F6E9A7A6B433EBD7B8 /* PromptTimerApp.swift */; };
		38AE37D68A30B654A11655A0 /* TimerCLI.framework in Embed Frameworks */ = {isa = PBXBuildFile; fileRef = ED2AFEF4A600E0069FFE80B4 /* TimerCLI.framework */; settings = {ATTRIBUTES = (CodeSignOnCopy, RemoveHeadersOnCopy, ); }; };
		39E2D9B42B622B4AD2817EFC /* PromptTimerCore.framework in Frameworks */ = {isa = PBXBuildFile; fileRef = B2AAFE764F82E8C24B0D17AB /* PromptTimerCore.framework */; };
		3C984DB608980FC077683AE7 /* main.swift in Sources */ = {isa = PBXBuildFile; fileRef = DDDE18598092A5DE759C6120 /* main.swift */; };
		3FA5DEDEBDB4FC16F7C586CF /* CLIParser.swift in Sources */ = {isa = PBXBuildFile; fileRef = F4473C4D9842CB9DC79B28FB /* CLIParser.swift */; };
		41BD4939807CF29C2E72D5BB /* HotkeyManager.swift in Sources */ = {isa = PBXBuildFile; fileRef = 92BE1A8B940CF3CD08EF5A1C /* HotkeyManager.swift */; };
		47C6327CE17A4F67CE7C6665 /* TimerState.swift in Sources */ = {isa = PBXBuildFile; fileRef = 860E00214C34CFDDAF9E3BB8 /* TimerState.swift */; };
		485040FCD71F965AF3F85E58 /* DurationParserTests.swift in Sources */ = {isa = PBXBuildFile; fileRef = EA610B44B4A1027AED284862 /* DurationParserTests.swift */; };
		532D89F2791B63F12B045948 /* TimerEntry.swift in Sources */ = {isa = PBXBuildFile; fileRef = 27BDF501276CF2A7EDD23DF1 /* TimerEntry.swift */; };
		58090BC1E3B44132E9082A91 /* LaunchManager.swift in Sources */ = {isa = PBXBuildFile; fileRef = 0E9BF3DCA633CED821F79C3F /* LaunchManager.swift */; };
		58209ACB16F17EBBDC6C24BF /* TimerStoreTests.swift in Sources */ = {isa = PBXBuildFile; fileRef = EDDFC7D3BB64765A59B5EC78 /* TimerStoreTests.swift */; };
		6234DEB2A6AE73F01FB48494 /* TimeFormatting.swift in Sources */ = {isa = PBXBuildFile; fileRef = 842813CBD9F9C33306385EDB /* TimeFormatting.swift */; };
		6C8475407CE0E0B4CCC0509B /* timer in Resources */ = {isa = PBXBuildFile; fileRef = EAED3D698739025C56FDECFB /* timer */; settings = {ATTRIBUTES = (RemoveHeadersOnCopy, ); }; };
		7044F5FC074BC515EE2E46D6 /* WakeMonitor.swift in Sources */ = {isa = PBXBuildFile; fileRef = 76774A7F6322EAB4E9C38B72 /* WakeMonitor.swift */; };
		7C40D3E996F3FC816B6999AC /* Logger.swift in Sources */ = {isa = PBXBuildFile; fileRef = FAACF5AA18A615944FF9CCE9 /* Logger.swift */; };
		7D752E74C2B5EACB54A76137 /* TimerManager.swift in Sources */ = {isa = PBXBuildFile; fileRef = 9B044D451C7C8AC59E732A21 /* TimerManager.swift */; };
		7E381EC180C64EBAB54EA1F8 /* AgentLauncher.swift in Sources */ = {isa = PBXBuildFile; fileRef = 37EE011D11315108C8BD8924 /* AgentLauncher.swift */; };
		837792E2AAFC9C542BE2B814 /* VerboseLogger.swift in Sources */ = {isa = PBXBuildFile; fileRef = 51DF27648D24E2D0EED8817B /* VerboseLogger.swift */; };
		8B7E0843EC57196B368CF3A9 /* PromptTimerCore.framework in Frameworks */ = {isa = PBXBuildFile; fileRef = B2AAFE764F82E8C24B0D17AB /* PromptTimerCore.framework */; };
		975A7876EAFC4F2726D6E944 /* IPCClient.swift in Sources */ = {isa = PBXBuildFile; fileRef = 8E3FAF536169E6C44CC2B941 /* IPCClient.swift */; };
		A3398C04C1F34E2A746AA1C0 /* AtomicFileStore.swift in Sources */ = {isa = PBXBuildFile; fileRef = D01BE368AF9072FAE782D3A8 /* AtomicFileStore.swift */; };
		AA965CC7A8AC8E0218BD9C11 /* CLIInstaller.swift in Sources */ = {isa = PBXBuildFile; fileRef = 2F0643325588B4BFB0187300 /* CLIInstaller.swift */; };
		B4BAC86DCBBC165B50281792 /* AppIcon.icns in Resources */ = {isa = PBXBuildFile; fileRef = 67C9686A3B55DA5D44BC9348 /* AppIcon.icns */; };
		C0E1D0225655A188B48D72F0 /* IPCProtocolTests.swift in Sources */ = {isa = PBXBuildFile; fileRef = AF860E95084F81FA8158B421 /* IPCProtocolTests.swift */; };
		CFAD5C615AD520A3963BCFE5 /* DurationParser.swift in Sources */ = {isa = PBXBuildFile; fileRef = 70003A2EC7FC7FA30156B7E7 /* DurationParser.swift */; };
		D08A747880892D807F23E8C5 /* NotificationManager.swift in Sources */ = {isa = PBXBuildFile; fileRef = 2DE1B34F7264F5C3E2BD20D2 /* NotificationManager.swift */; };
		D7219AFC2A4352A2C3CAA392 /* IPCSocket.swift in Sources */ = {isa = PBXBuildFile; fileRef = 903AFEFC046B7ECBA51A3CA0 /* IPCSocket.swift */; };
		D72CE787A12633BB155C29C2 /* TimerCLI.framework in Frameworks */ = {isa = PBXBuildFile; fileRef = ED2AFEF4A600E0069FFE80B4 /* TimerCLI.framework */; };
		D8B7DD0B7F56CEC6B50FF294 /* TimerCLI.framework in Frameworks */ = {isa = PBXBuildFile; fileRef = ED2AFEF4A600E0069FFE80B4 /* TimerCLI.framework */; };
		DB8268656A89F8B0330E27B1 /* StatusItemController.swift in Sources */ = {isa = PBXBuildFile; fileRef = 795EAA3F7669C725637B3D9B /* StatusItemController.swift */; };
		E00AE760068ADFC4FD863491 /* IPCCommand.swift in Sources */ = {isa = PBXBuildFile; fileRef = 51E96016EE7BBB65365DC114 /* IPCCommand.swift */; };
		EE2DAA551B274B5C15CE8000 /* OutputFormatter.swift in Sources */ = {isa = PBXBuildFile; fileRef = C3C96C24A6177A62C796E879 /* OutputFormatter.swift */; };
		F9B358B4B0394EE25F56DED2 /* PreferencesController.swift in Sources */ = {isa = PBXBuildFile; fileRef = 0C157023578C06954EB6334D /* PreferencesController.swift */; };
		FE8B8977F774A5B86D2311FF /* TimerManagerTests.swift in Sources */ = {isa = PBXBuildFile; fileRef = CB96A5144AB75A5A246A4B0E /* TimerManagerTests.swift */; };
		FF0C8A6449F8E8F3AEAD9103 /* IPCServer.swift in Sources */ = {isa = PBXBuildFile; fileRef = E2D48AF0A9F34E694B8B8CA3 /* IPCServer.swift */; };
		FF370B39826558001C25E68C /* PromptTimerCore.framework in Embed Frameworks */ = {isa = PBXBuildFile; fileRef = B2AAFE764F82E8C24B0D17AB /* PromptTimerCore.framework */; settings = {ATTRIBUTES = (CodeSignOnCopy, RemoveHeadersOnCopy, ); }; };
/* End PBXBuildFile section */

/* Begin PBXContainerItemProxy section */
		02BC22DF75BC215E6D4A84BC /* PBXContainerItemProxy */ = {
			isa = PBXContainerItemProxy;
			containerPortal = 0E514ACF9085C3BB04E1FE7D /* Project object */;
			proxyType = 1;
			remoteGlobalIDString = F4A1645220B169BAB2CC15D4;
			remoteInfo = PromptTimerCore;
		};
		49821300E48AA8D6398F6334 /* PBXContainerItemProxy */ = {
			isa = PBXContainerItemProxy;
			containerPortal = 0E514ACF9085C3BB04E1FE7D /* Project object */;
			proxyType = 1;
			remoteGlobalIDString = F4A1645220B169BAB2CC15D4;
			remoteInfo = PromptTimerCore;
		};
		750691D1FF64DD5B9C45FBB9 /* PBXContainerItemProxy */ = {
			isa = PBXContainerItemProxy;
			containerPortal = 0E514ACF9085C3BB04E1FE7D /* Project object */;
			proxyType = 1;
			remoteGlobalIDString = F4A1645220B169BAB2CC15D4;
			remoteInfo = PromptTimerCore;
		};
		971D36CE46B0E4C79D94D2F6 /* PBXContainerItemProxy */ = {
			isa = PBXContainerItemProxy;
			containerPortal = 0E514ACF9085C3BB04E1FE7D /* Project object */;
			proxyType = 1;
			remoteGlobalIDString = F4A1645220B169BAB2CC15D4;
			remoteInfo = PromptTimerCore;
		};
		C33130AB6F8A6CBB7C79860C /* PBXContainerItemProxy */ = {
			isa = PBXContainerItemProxy;
			containerPortal = 0E514ACF9085C3BB04E1FE7D /* Project object */;
			proxyType = 1;
			remoteGlobalIDString = 147FDB1F069AE181D4268D72;
			remoteInfo = TimerCLI;
		};
		D794BD655A4C46CD1B6C3C7A /* PBXContainerItemProxy */ = {
			isa = PBXContainerItemProxy;
			containerPortal = 0E514ACF9085C3BB04E1FE7D /* Project object */;
			proxyType = 1;
			remoteGlobalIDString = 54BE9471FFC310EDDFA6BAC1;
			remoteInfo = timer;
		};
		F0F53B6B52F0E9B5EC9B457E /* PBXContainerItemProxy */ = {
			isa = PBXContainerItemProxy;
			containerPortal = 0E514ACF9085C3BB04E1FE7D /* Project object */;
			proxyType = 1;
			remoteGlobalIDString = 147FDB1F069AE181D4268D72;
			remoteInfo = TimerCLI;
		};
		F2DCFEC4F8B48A40B09E73CA /* PBXContainerItemProxy */ = {
			isa = PBXContainerItemProxy;
			containerPortal = 0E514ACF9085C3BB04E1FE7D /* Project object */;
			proxyType = 1;
			remoteGlobalIDString = 147FDB1F069AE181D4268D72;
			remoteInfo = TimerCLI;
		};
/* End PBXContainerItemProxy section */

/* Begin PBXCopyFilesBuildPhase section */
		1D7D642D3F7EBBF1D67AA820 /* Embed Frameworks */ = {
			isa = PBXCopyFilesBuildPhase;
			buildActionMask = 2147483647;
			dstPath = "";
			dstSubfolderSpec = 10;
			files = (
				1CBF648D59D31BE99E879E85 /* PromptTimerCore.framework in Embed Frameworks */,
				062B154D17B21AC4263407A2 /* TimerCLI.framework in Embed Frameworks */,
			);
			name = "Embed Frameworks";
			runOnlyForDeploymentPostprocessing = 0;
		};
		3AC135A8E1C4A56F5DB34CFC /* Embed Frameworks */ = {
			isa = PBXCopyFilesBuildPhase;
			buildActionMask = 2147483647;
			dstPath = "";
			dstSubfolderSpec = 10;
			files = (
				FF370B39826558001C25E68C /* PromptTimerCore.framework in Embed Frameworks */,
				38AE37D68A30B654A11655A0 /* TimerCLI.framework in Embed Frameworks */,
			);
			name = "Embed Frameworks";
			runOnlyForDeploymentPostprocessing = 0;
		};
/* End PBXCopyFilesBuildPhase section */

/* Begin PBXFileReference section */
		06B7A94C5404295490831434 /* QuickAddWindowController.swift */ = {isa = PBXFileReference; lastKnownFileType = sourcecode.swift; path = QuickAddWindowController.swift; sourceTree = "<group>"; };
		0C157023578C06954EB6334D /* PreferencesController.swift */ = {isa = PBXFileReference; lastKnownFileType = sourcecode.swift; path = PreferencesController.swift; sourceTree = "<group>"; };
		0E9BF3DCA633CED821F79C3F /* LaunchManager.swift */ = {isa = PBXFileReference; lastKnownFileType = sourcecode.swift; path = LaunchManager.swift; sourceTree = "<group>"; };
		27BDF501276CF2A7EDD23DF1 /* TimerEntry.swift */ = {isa = PBXFileReference; lastKnownFileType = sourcecode.swift; path = TimerEntry.swift; sourceTree = "<group>"; };
		2C90373805143051E1C8263B /* PromptTimerApp.app */ = {isa = PBXFileReference; explicitFileType = wrapper.application; includeInIndex = 0; path = PromptTimerApp.app; sourceTree = BUILT_PRODUCTS_DIR; };
		2DE1B34F7264F5C3E2BD20D2 /* NotificationManager.swift */ = {isa = PBXFileReference; lastKnownFileType = sourcecode.swift; path = NotificationManager.swift; sourceTree = "<group>"; };
		2EA9F7FCA703E287EA9BA4D6 /* AppState.swift */ = {isa = PBXFileReference; lastKnownFileType = sourcecode.swift; path = AppState.swift; sourceTree = "<group>"; };
		2F0643325588B4BFB0187300 /* CLIInstaller.swift */ = {isa = PBXFileReference; lastKnownFileType = sourcecode.swift; path = CLIInstaller.swift; sourceTree = "<group>"; };
		37EE011D11315108C8BD8924 /* AgentLauncher.swift */ = {isa = PBXFileReference; lastKnownFileType = sourcecode.swift; path = AgentLauncher.swift; sourceTree = "<group>"; };
		400AF8FE3F28AA33FF46DD6A /* ShortcutRecorderButton.swift */ = {isa = PBXFileReference; lastKnownFileType = sourcecode.swift; path = ShortcutRecorderButton.swift; sourceTree = "<group>"; };
		51DF27648D24E2D0EED8817B /* VerboseLogger.swift */ = {isa = PBXFileReference; lastKnownFileType = sourcecode.swift; path = VerboseLogger.swift; sourceTree = "<group>"; };
		51E96016EE7BBB65365DC114 /* IPCCommand.swift */ = {isa = PBXFileReference; lastKnownFileType = sourcecode.swift; path = IPCCommand.swift; sourceTree = "<group>"; };
		533E03F6E9A7A6B433EBD7B8 /* PromptTimerApp.swift */ = {isa = PBXFileReference; lastKnownFileType = sourcecode.swift; path = PromptTimerApp.swift; sourceTree = "<group>"; };
		5E96090A37049F38AF32AF95 /* PromptTimerTests.xctest */ = {isa = PBXFileReference; explicitFileType = wrapper.cfbundle; includeInIndex = 0; path = PromptTimerTests.xctest; sourceTree = BUILT_PRODUCTS_DIR; };
		66B25BE085D1C92644EE41EB /* IPCResponse.swift */ = {isa = PBXFileReference; lastKnownFileType = sourcecode.swift; path = IPCResponse.swift; sourceTree = "<group>"; };
		67C9686A3B55DA5D44BC9348 /* AppIcon.icns */ = {isa = PBXFileReference; lastKnownFileType = image.icns; path = AppIcon.icns; sourceTree = "<group>"; };
		6FC41C444C11462703C6C291 /* Preferences.swift */ = {isa = PBXFileReference; lastKnownFileType = sourcecode.swift; path = Preferences.swift; sourceTree = "<group>"; };
		70003A2EC7FC7FA30156B7E7 /* DurationParser.swift */ = {isa = PBXFileReference; lastKnownFileType = sourcecode.swift; path = DurationParser.swift; sourceTree = "<group>"; };
		76774A7F6322EAB4E9C38B72 /* WakeMonitor.swift */ = {isa = PBXFileReference; lastKnownFileType = sourcecode.swift; path = WakeMonitor.swift; sourceTree = "<group>"; };
		795EAA3F7669C725637B3D9B /* StatusItemController.swift */ = {isa = PBXFileReference; lastKnownFileType = sourcecode.swift; path = StatusItemController.swift; sourceTree = "<group>"; };
		842813CBD9F9C33306385EDB /* TimeFormatting.swift */ = {isa = PBXFileReference; lastKnownFileType = sourcecode.swift; path = TimeFormatting.swift; sourceTree = "<group>"; };
		860E00214C34CFDDAF9E3BB8 /* TimerState.swift */ = {isa = PBXFileReference; lastKnownFileType = sourcecode.swift; path = TimerState.swift; sourceTree = "<group>"; };
		8E3FAF536169E6C44CC2B941 /* IPCClient.swift */ = {isa = PBXFileReference; lastKnownFileType = sourcecode.swift; path = IPCClient.swift; sourceTree = "<group>"; };
		903AFEFC046B7ECBA51A3CA0 /* IPCSocket.swift */ = {isa = PBXFileReference; lastKnownFileType = sourcecode.swift; path = IPCSocket.swift; sourceTree = "<group>"; };
		92BE1A8B940CF3CD08EF5A1C /* HotkeyManager.swift */ = {isa = PBXFileReference; lastKnownFileType = sourcecode.swift; path = HotkeyManager.swift; sourceTree = "<group>"; };
		9B044D451C7C8AC59E732A21 /* TimerManager.swift */ = {isa = PBXFileReference; lastKnownFileType = sourcecode.swift; path = TimerManager.swift; sourceTree = "<group>"; };
		AF860E95084F81FA8158B421 /* IPCProtocolTests.swift */ = {isa = PBXFileReference; lastKnownFileType = sourcecode.swift; path = IPCProtocolTests.swift; sourceTree = "<group>"; };
		B2AAFE764F82E8C24B0D17AB /* PromptTimerCore.framework */ = {isa = PBXFileReference; explicitFileType = wrapper.framework; includeInIndex = 0; path = PromptTimerCore.framework; sourceTree = BUILT_PRODUCTS_DIR; };
		BFDED38C5D00677F5F0E0D57 /* TimerStore.swift */ = {isa = PBXFileReference; lastKnownFileType = sourcecode.swift; path = TimerStore.swift; sourceTree = "<group>"; };
		C3C96C24A6177A62C796E879 /* OutputFormatter.swift */ = {isa = PBXFileReference; lastKnownFileType = sourcecode.swift; path = OutputFormatter.swift; sourceTree = "<group>"; };
		CB96A5144AB75A5A246A4B0E /* TimerManagerTests.swift */ = {isa = PBXFileReference; lastKnownFileType = sourcecode.swift; path = TimerManagerTests.swift; sourceTree = "<group>"; };
		D01BE368AF9072FAE782D3A8 /* AtomicFileStore.swift */ = {isa = PBXFileReference; lastKnownFileType = sourcecode.swift; path = AtomicFileStore.swift; sourceTree = "<group>"; };
		DDDE18598092A5DE759C6120 /* main.swift */ = {isa = PBXFileReference; lastKnownFileType = sourcecode.swift; path = main.swift; sourceTree = "<group>"; };
		E2D48AF0A9F34E694B8B8CA3 /* IPCServer.swift */ = {isa = PBXFileReference; lastKnownFileType = sourcecode.swift; path = IPCServer.swift; sourceTree = "<group>"; };
		E6C40D936E7146CC6A21AC7B /* CLIParserTests.swift */ = {isa = PBXFileReference; lastKnownFileType = sourcecode.swift; path = CLIParserTests.swift; sourceTree = "<group>"; };
		EA610B44B4A1027AED284862 /* DurationParserTests.swift */ = {isa = PBXFileReference; lastKnownFileType = sourcecode.swift; path = DurationParserTests.swift; sourceTree = "<group>"; };
		EAED3D698739025C56FDECFB /* timer */ = {isa = PBXFileReference; includeInIndex = 0; path = timer; sourceTree = BUILT_PRODUCTS_DIR; };
		ED2AFEF4A600E0069FFE80B4 /* TimerCLI.framework */ = {isa = PBXFileReference; explicitFileType = wrapper.framework; includeInIndex = 0; path = TimerCLI.framework; sourceTree = BUILT_PRODUCTS_DIR; };
		EDDFC7D3BB64765A59B5EC78 /* TimerStoreTests.swift */ = {isa = PBXFileReference; lastKnownFileType = sourcecode.swift; path = TimerStoreTests.swift; sourceTree = "<group>"; };
		F1885A54CE48F2A394D4E9CA /* AppDelegate.swift */ = {isa = PBXFileReference; lastKnownFileType = sourcecode.swift; path = AppDelegate.swift; sourceTree = "<group>"; };
		F4473C4D9842CB9DC79B28FB /* CLIParser.swift */ = {isa = PBXFileReference; lastKnownFileType = sourcecode.swift; path = CLIParser.swift; sourceTree = "<group>"; };
		FAACF5AA18A615944FF9CCE9 /* Logger.swift */ = {isa = PBXFileReference; lastKnownFileType = sourcecode.swift; path = Logger.swift; sourceTree = "<group>"; };
/* End PBXFileReference section */

/* Begin PBXFrameworksBuildPhase section */
		7C4E3BF5D625EFDA98C404B9 /* Frameworks */ = {
			isa = PBXFrameworksBuildPhase;
			buildActionMask = 2147483647;
			files = (
				39E2D9B42B622B4AD2817EFC /* PromptTimerCore.framework in Frameworks */,
				D72CE787A12633BB155C29C2 /* TimerCLI.framework in Frameworks */,
			);
			runOnlyForDeploymentPostprocessing = 0;
		};
		857B4DB72056C2FBC42A515F /* Frameworks */ = {
			isa = PBXFrameworksBuildPhase;
			buildActionMask = 2147483647;
			files = (
				19C324C01F4D7DBCCEC0BF7D /* PromptTimerCore.framework in Frameworks */,
			);
			runOnlyForDeploymentPostprocessing = 0;
		};
		A5CB13BB4CC357EEB7AC5A7A /* Frameworks */ = {
			isa = PBXFrameworksBuildPhase;
			buildActionMask = 2147483647;
			files = (
				8B7E0843EC57196B368CF3A9 /* PromptTimerCore.framework in Frameworks */,
				D8B7DD0B7F56CEC6B50FF294 /* TimerCLI.framework in Frameworks */,
			);
			runOnlyForDeploymentPostprocessing = 0;
		};
		CE31825B9148AA47776DF546 /* Frameworks */ = {
			isa = PBXFrameworksBuildPhase;
			buildActionMask = 2147483647;
			files = (
				24488FCB9CD7CC66CACDD269 /* PromptTimerCore.framework in Frameworks */,
				266BA3BAE5A7F986C33EB839 /* TimerCLI.framework in Frameworks */,
			);
			runOnlyForDeploymentPostprocessing = 0;
		};
/* End PBXFrameworksBuildPhase section */

/* Begin PBXGroup section */
		1AAC16B5D8CD6FAF50ED744B /* TimerCLI */ = {
			isa = PBXGroup;
			children = (
				37EE011D11315108C8BD8924 /* AgentLauncher.swift */,
				F4473C4D9842CB9DC79B28FB /* CLIParser.swift */,
				8E3FAF536169E6C44CC2B941 /* IPCClient.swift */,
				DDDE18598092A5DE759C6120 /* main.swift */,
				C3C96C24A6177A62C796E879 /* OutputFormatter.swift */,
				51DF27648D24E2D0EED8817B /* VerboseLogger.swift */,
			);
			path = TimerCLI;
			sourceTree = "<group>";
		};
		2FC63F2120AE292E6B50DDE7 /* PromptTimerTests */ = {
			isa = PBXGroup;
			children = (
				E6C40D936E7146CC6A21AC7B /* CLIParserTests.swift */,
				EA610B44B4A1027AED284862 /* DurationParserTests.swift */,
				AF860E95084F81FA8158B421 /* IPCProtocolTests.swift */,
				CB96A5144AB75A5A246A4B0E /* TimerManagerTests.swift */,
				EDDFC7D3BB64765A59B5EC78 /* TimerStoreTests.swift */,
			);
			path = PromptTimerTests;
			sourceTree = "<group>";
		};
		6A1A02F1230C7FDE81F073C9 /* PromptTimerApp */ = {
			isa = PBXGroup;
			children = (
				F1885A54CE48F2A394D4E9CA /* AppDelegate.swift */,
				67C9686A3B55DA5D44BC9348 /* AppIcon.icns */,
				2F0643325588B4BFB0187300 /* CLIInstaller.swift */,
				92BE1A8B940CF3CD08EF5A1C /* HotkeyManager.swift */,
				E2D48AF0A9F34E694B8B8CA3 /* IPCServer.swift */,
				0E9BF3DCA633CED821F79C3F /* LaunchManager.swift */,
				2DE1B34F7264F5C3E2BD20D2 /* NotificationManager.swift */,
				0C157023578C06954EB6334D /* PreferencesController.swift */,
				533E03F6E9A7A6B433EBD7B8 /* PromptTimerApp.swift */,
				06B7A94C5404295490831434 /* QuickAddWindowController.swift */,
				400AF8FE3F28AA33FF46DD6A /* ShortcutRecorderButton.swift */,
				795EAA3F7669C725637B3D9B /* StatusItemController.swift */,
				9B044D451C7C8AC59E732A21 /* TimerManager.swift */,
				BFDED38C5D00677F5F0E0D57 /* TimerStore.swift */,
				76774A7F6322EAB4E9C38B72 /* WakeMonitor.swift */,
			);
			path = PromptTimerApp;
			sourceTree = "<group>";
		};
		87A3785D32D716FED971D99E = {
			isa = PBXGroup;
			children = (
				E9AF979D3FCA4780DE5F0D5B /* Models */,
				6A1A02F1230C7FDE81F073C9 /* PromptTimerApp */,
				2FC63F2120AE292E6B50DDE7 /* PromptTimerTests */,
				1AAC16B5D8CD6FAF50ED744B /* TimerCLI */,
				DC143694B322F7842BEF235A /* Utilities */,
				9A615DB8A154D413870B722B /* Products */,
			);
			sourceTree = "<group>";
		};
		9A615DB8A154D413870B722B /* Products */ = {
			isa = PBXGroup;
			children = (
				2C90373805143051E1C8263B /* PromptTimerApp.app */,
				B2AAFE764F82E8C24B0D17AB /* PromptTimerCore.framework */,
				5E96090A37049F38AF32AF95 /* PromptTimerTests.xctest */,
				EAED3D698739025C56FDECFB /* timer */,
				ED2AFEF4A600E0069FFE80B4 /* TimerCLI.framework */,
			);
			name = Products;
			sourceTree = "<group>";
		};
		DC143694B322F7842BEF235A /* Utilities */ = {
			isa = PBXGroup;
			children = (
				D01BE368AF9072FAE782D3A8 /* AtomicFileStore.swift */,
				70003A2EC7FC7FA30156B7E7 /* DurationParser.swift */,
				903AFEFC046B7ECBA51A3CA0 /* IPCSocket.swift */,
				FAACF5AA18A615944FF9CCE9 /* Logger.swift */,
				842813CBD9F9C33306385EDB /* TimeFormatting.swift */,
			);
			name = Utilities;
			path = PromptTimerApp/Utilities;
			sourceTree = "<group>";
		};
		E9AF979D3FCA4780DE5F0D5B /* Models */ = {
			isa = PBXGroup;
			children = (
				2EA9F7FCA703E287EA9BA4D6 /* AppState.swift */,
				51E96016EE7BBB65365DC114 /* IPCCommand.swift */,
				66B25BE085D1C92644EE41EB /* IPCResponse.swift */,
				6FC41C444C11462703C6C291 /* Preferences.swift */,
				27BDF501276CF2A7EDD23DF1 /* TimerEntry.swift */,
				860E00214C34CFDDAF9E3BB8 /* TimerState.swift */,
			);
			name = Models;
			path = PromptTimerApp/Models;
			sourceTree = "<group>";
		};
/* End PBXGroup section */

/* Begin PBXNativeTarget section */
		147FDB1F069AE181D4268D72 /* TimerCLI */ = {
			isa = PBXNativeTarget;
			buildConfigurationList = 4277436F64905011B65C4F11 /* Build configuration list for PBXNativeTarget "TimerCLI" */;
			buildPhases = (
				DDAA03D593F114FF55F6F1DC /* Sources */,
				857B4DB72056C2FBC42A515F /* Frameworks */,
			);
			buildRules = (
			);
			dependencies = (
				A87D6DF654F77F469284ED5D /* PBXTargetDependency */,
			);
			name = TimerCLI;
			packageProductDependencies = (
			);
			productName = TimerCLI;
			productReference = ED2AFEF4A600E0069FFE80B4 /* TimerCLI.framework */;
			productType = "com.apple.product-type.framework";
		};
		54BE9471FFC310EDDFA6BAC1 /* timer */ = {
			isa = PBXNativeTarget;
			buildConfigurationList = 25CB4F16B366300BF46E513E /* Build configuration list for PBXNativeTarget "timer" */;
			buildPhases = (
				EAACBF77E6477A3C2B012892 /* Sources */,
				7C4E3BF5D625EFDA98C404B9 /* Frameworks */,
			);
			buildRules = (
			);
			dependencies = (
				93CC4F254A12D6D1BBE0178B /* PBXTargetDependency */,
				E77CEA513197613C460B449B /* PBXTargetDependency */,
			);
			name = timer;
			packageProductDependencies = (
			);
			productName = timer;
			productReference = EAED3D698739025C56FDECFB /* timer */;
			productType = "com.apple.product-type.tool";
		};
		A5AAC0D351E10F8EF87ECF46 /* PromptTimerTests */ = {
			isa = PBXNativeTarget;
			buildConfigurationList = 0D85940AB36A3C0587B78935 /* Build configuration list for PBXNativeTarget "PromptTimerTests" */;
			buildPhases = (
				244D9D77741AE05296130C31 /* Sources */,
				CE31825B9148AA47776DF546 /* Frameworks */,
				3AC135A8E1C4A56F5DB34CFC /* Embed Frameworks */,
			);
			buildRules = (
			);
			dependencies = (
				5D586E483B4C1EE8B631D00E /* PBXTargetDependency */,
				E0AAAD5D8D4F6F02E3B410A3 /* PBXTargetDependency */,
			);
			name = PromptTimerTests;
			packageProductDependencies = (
			);
			productName = PromptTimerTests;
			productReference = 5E96090A37049F38AF32AF95 /* PromptTimerTests.xctest */;
			productType = "com.apple.product-type.bundle.unit-test";
		};
		C632757BCC223CA4CFE28E9D /* PromptTimerApp */ = {
			isa = PBXNativeTarget;
			buildConfigurationList = D5E5E2665E79414C455829B3 /* Build configuration list for PBXNativeTarget "PromptTimerApp" */;
			buildPhases = (
				5BAEA1E18299CBE098954D89 /* Sources */,
				81D86EA6FCF1C64FDCF6DC66 /* Resources */,
				A5CB13BB4CC357EEB7AC5A7A /* Frameworks */,
				1D7D642D3F7EBBF1D67AA820 /* Embed Frameworks */,
			);
			buildRules = (
			);
			dependencies = (
				95E62547C562E22DEB50B391 /* PBXTargetDependency */,
				2FBFBE3982E89E5F56B3B4D2 /* PBXTargetDependency */,
				80AD75AA5A21C018CA73CFE2 /* PBXTargetDependency */,
			);
			name = PromptTimerApp;
			packageProductDependencies = (
			);
			productName = PromptTimerApp;
			productReference = 2C90373805143051E1C8263B /* PromptTimerApp.app */;
			productType = "com.apple.product-type.application";
		};
		F4A1645220B169BAB2CC15D4 /* PromptTimerCore */ = {
			isa = PBXNativeTarget;
			buildConfigurationList = 8947AE025E64A10A63CD10E8 /* Build configuration list for PBXNativeTarget "PromptTimerCore" */;
			buildPhases = (
				B1F26DD265F65061ADCA8D7F /* Sources */,
			);
			buildRules = (
			);
			dependencies = (
			);
			name = PromptTimerCore;
			packageProductDependencies = (
			);
			productName = PromptTimerCore;
			productReference = B2AAFE764F82E8C24B0D17AB /* PromptTimerCore.framework */;
			productType = "com.apple.product-type.framework";
		};
/* End PBXNativeTarget section */

/* Begin PBXProject section */
		0E514ACF9085C3BB04E1FE7D /* Project object */ = {
			isa = PBXProject;
			attributes = {
				BuildIndependentTargetsInParallel = YES;
				LastUpgradeCheck = 1430;
				TargetAttributes = {
				};
			};
			buildConfigurationList = D3185932C5C15297C4545B4C /* Build configuration list for PBXProject "PromptTimer" */;
			developmentRegion = en;
			hasScannedForEncodings = 0;
			knownRegions = (
				Base,
				en,
			);
			mainGroup = 87A3785D32D716FED971D99E;
			minimizedProjectReferenceProxies = 1;
			preferredProjectObjectVersion = 77;
			productRefGroup = 9A615DB8A154D413870B722B /* Products */;
			projectDirPath = "";
			projectRoot = "";
			targets = (
				C632757BCC223CA4CFE28E9D /* PromptTimerApp */,
				F4A1645220B169BAB2CC15D4 /* PromptTimerCore */,
				A5AAC0D351E10F8EF87ECF46 /* PromptTimerTests */,
				147FDB1F069AE181D4268D72 /* TimerCLI */,
				54BE9471FFC310EDDFA6BAC1 /* timer */,
			);
		};
/* End PBXProject section */

/* Begin PBXResourcesBuildPhase section */
		81D86EA6FCF1C64FDCF6DC66 /* Resources */ = {
			isa = PBXResourcesBuildPhase;
			buildActionMask = 2147483647;
			files = (
				B4BAC86DCBBC165B50281792 /* AppIcon.icns in Resources */,
				6C8475407CE0E0B4CCC0509B /* timer in Resources */,
			);
			runOnlyForDeploymentPostprocessing = 0;
		};
/* End PBXResourcesBuildPhase section */

/* Begin PBXSourcesBuildPhase section */
		244D9D77741AE05296130C31 /* Sources */ = {
			isa = PBXSourcesBuildPhase;
			buildActionMask = 2147483647;
			files = (
				145F6B253DCB4803715ED3AA /* CLIParserTests.swift in Sources */,
				485040FCD71F965AF3F85E58 /* DurationParserTests.swift in Sources */,
				C0E1D0225655A188B48D72F0 /* IPCProtocolTests.swift in Sources */,
				FE8B8977F774A5B86D2311FF /* TimerManagerTests.swift in Sources */,
				58209ACB16F17EBBDC6C24BF /* TimerStoreTests.swift in Sources */,
			);
			runOnlyForDeploymentPostprocessing = 0;
		};
		5BAEA1E18299CBE098954D89 /* Sources */ = {
			isa = PBXSourcesBuildPhase;
			buildActionMask = 2147483647;
			files = (
				17E60E912B04CFA617E30DD8 /* AppDelegate.swift in Sources */,
				AA965CC7A8AC8E0218BD9C11 /* CLIInstaller.swift in Sources */,
				41BD4939807CF29C2E72D5BB /* HotkeyManager.swift in Sources */,
				FF0C8A6449F8E8F3AEAD9103 /* IPCServer.swift in Sources */,
				58090BC1E3B44132E9082A91 /* LaunchManager.swift in Sources */,
				D08A747880892D807F23E8C5 /* NotificationManager.swift in Sources */,
				F9B358B4B0394EE25F56DED2 /* PreferencesController.swift in Sources */,
				3679678D7C2DB60D67DA5AF2 /* PromptTimerApp.swift in Sources */,
				1CA4CF683EF81247D6BEC327 /* QuickAddWindowController.swift in Sources */,
				0FA74BB7325C53562C48850B /* ShortcutRecorderButton.swift in Sources */,
				DB8268656A89F8B0330E27B1 /* StatusItemController.swift in Sources */,
				7044F5FC074BC515EE2E46D6 /* WakeMonitor.swift in Sources */,
			);
			runOnlyForDeploymentPostprocessing = 0;
		};
		B1F26DD265F65061ADCA8D7F /* Sources */ = {
			isa = PBXSourcesBuildPhase;
			buildActionMask = 2147483647;
			files = (
				2D5ECEDE7A8802DB51400CA1 /* AppState.swift in Sources */,
				A3398C04C1F34E2A746AA1C0 /* AtomicFileStore.swift in Sources */,
				CFAD5C615AD520A3963BCFE5 /* DurationParser.swift in Sources */,
				E00AE760068ADFC4FD863491 /* IPCCommand.swift in Sources */,
				17EE95894B05DC2AC0746BC0 /* IPCResponse.swift in Sources */,
				D7219AFC2A4352A2C3CAA392 /* IPCSocket.swift in Sources */,
				7C40D3E996F3FC816B6999AC /* Logger.swift in Sources */,
				10392FA18CB5E885C16DDB00 /* Preferences.swift in Sources */,
				6234DEB2A6AE73F01FB48494 /* TimeFormatting.swift in Sources */,
				532D89F2791B63F12B045948 /* TimerEntry.swift in Sources */,
				7D752E74C2B5EACB54A76137 /* TimerManager.swift in Sources */,
				47C6327CE17A4F67CE7C6665 /* TimerState.swift in Sources */,
				11F8F881581CAB470F541AE6 /* TimerStore.swift in Sources */,
			);
			runOnlyForDeploymentPostprocessing = 0;
		};
		DDAA03D593F114FF55F6F1DC /* Sources */ = {
			isa = PBXSourcesBuildPhase;
			buildActionMask = 2147483647;
			files = (
				7E381EC180C64EBAB54EA1F8 /* AgentLauncher.swift in Sources */,
				3FA5DEDEBDB4FC16F7C586CF /* CLIParser.swift in Sources */,
				975A7876EAFC4F2726D6E944 /* IPCClient.swift in Sources */,
				EE2DAA551B274B5C15CE8000 /* OutputFormatter.swift in Sources */,
				837792E2AAFC9C542BE2B814 /* VerboseLogger.swift in Sources */,
			);
			runOnlyForDeploymentPostprocessing = 0;
		};
		EAACBF77E6477A3C2B012892 /* Sources */ = {
			isa = PBXSourcesBuildPhase;
			buildActionMask = 2147483647;
			files = (
				3C984DB608980FC077683AE7 /* main.swift in Sources */,
			);
			runOnlyForDeploymentPostprocessing = 0;
		};
/* End PBXSourcesBuildPhase section */

/* Begin PBXTargetDependency section */
		2FBFBE3982E89E5F56B3B4D2 /* PBXTargetDependency */ = {
			isa = PBXTargetDependency;
			target = 147FDB1F069AE181D4268D72 /* TimerCLI */;
			targetProxy = C33130AB6F8A6CBB7C79860C /* PBXContainerItemProxy */;
		};
		5D586E483B4C1EE8B631D00E /* PBXTargetDependency */ = {
			isa = PBXTargetDependency;
			target = F4A1645220B169BAB2CC15D4 /* PromptTimerCore */;
			targetProxy = 49821300E48AA8D6398F6334 /* PBXContainerItemProxy */;
		};
		80AD75AA5A21C018CA73CFE2 /* PBXTargetDependency */ = {
			isa = PBXTargetDependency;
			target = 54BE9471FFC310EDDFA6BAC1 /* timer */;
			targetProxy = D794BD655A4C46CD1B6C3C7A /* PBXContainerItemProxy */;
		};
		93CC4F254A12D6D1BBE0178B /* PBXTargetDependency */ = {
			isa = PBXTargetDependency;
			target = F4A1645220B169BAB2CC15D4 /* PromptTimerCore */;
			targetProxy = 971D36CE46B0E4C79D94D2F6 /* PBXContainerItemProxy */;
		};
		95E62547C562E22DEB50B391 /* PBXTargetDependency */ = {
			isa = PBXTargetDependency;
			target = F4A1645220B169BAB2CC15D4 /* PromptTimerCore */;
			targetProxy = 02BC22DF75BC215E6D4A84BC /* PBXContainerItemProxy */;
		};
		A87D6DF654F77F469284ED5D /* PBXTargetDependency */ = {
			isa = PBXTargetDependency;
			target = F4A1645220B169BAB2CC15D4 /* PromptTimerCore */;
			targetProxy = 750691D1FF64DD5B9C45FBB9 /* PBXContainerItemProxy */;
		};
		E0AAAD5D8D4F6F02E3B410A3 /* PBXTargetDependency */ = {
			isa = PBXTargetDependency;
			target = 147FDB1F069AE181D4268D72 /* TimerCLI */;
			targetProxy = F0F53B6B52F0E9B5EC9B457E /* PBXContainerItemProxy */;
		};
		E77CEA513197613C460B449B /* PBXTargetDependency */ = {
			isa = PBXTargetDependency;
			target = 147FDB1F069AE181D4268D72 /* TimerCLI */;
			targetProxy = F2DCFEC4F8B48A40B09E73CA /* PBXContainerItemProxy */;
		};
/* End PBXTargetDependency section */

/* Begin XCBuildConfiguration section */
		094A43524F8B3DBDAAC5A6B9 /* Release */ = {
			isa = XCBuildConfiguration;
			buildSettings = {
				CODE_SIGN_IDENTITY = "";
				COMBINE_HIDPI_IMAGES = YES;
				CURRENT_PROJECT_VERSION = 1;
				DEFINES_MODULE = YES;
				DYLIB_COMPATIBILITY_VERSION = 1;
				DYLIB_CURRENT_VERSION = 1;
				DYLIB_INSTALL_NAME_BASE = "@rpath";
				GENERATE_INFOPLIST_FILE = YES;
				INSTALL_PATH = "$(LOCAL_LIBRARY_DIR)/Frameworks";
				LD_RUNPATH_SEARCH_PATHS = (
					"$(inherited)",
					"@executable_path/../Frameworks",
				);
				PRODUCT_BUNDLE_IDENTIFIER = com.joon.prompttimer.cli.module;
				PRODUCT_NAME = TimerCLI;
				SDKROOT = macosx;
				SKIP_INSTALL = YES;
				VERSIONING_SYSTEM = "apple-generic";
			};
			name = Release;
		};
		0B56622D7898824780D617D8 /* Debug */ = {
			isa = XCBuildConfiguration;
			buildSettings = {
				COMBINE_HIDPI_IMAGES = YES;
				LD_RUNPATH_SEARCH_PATHS = (
					"$(inherited)",
					"@executable_path/../Frameworks",
				);
				PRODUCT_BUNDLE_IDENTIFIER = com.joon.prompttimer.cli;
				PRODUCT_NAME = timer;
				SDKROOT = macosx;
				SKIP_INSTALL = NO;
			};
			name = Debug;
		};
		0E0D6A3ED9B35ED694C629FF /* Release */ = {
			isa = XCBuildConfiguration;
			buildSettings = {
				COMBINE_HIDPI_IMAGES = YES;
				LD_RUNPATH_SEARCH_PATHS = (
					"$(inherited)",
					"@executable_path/../Frameworks",
				);
				PRODUCT_BUNDLE_IDENTIFIER = com.joon.prompttimer.cli;
				PRODUCT_NAME = timer;
				SDKROOT = macosx;
				SKIP_INSTALL = NO;
			};
			name = Release;
		};
		1790385859B4249152955ACF /* Release */ = {
			isa = XCBuildConfiguration;
			buildSettings = {
				ASSETCATALOG_COMPILER_APPICON_NAME = AppIcon;
				CODE_SIGN_ENTITLEMENTS = Config/PromptTimerApp.entitlements;
				COMBINE_HIDPI_IMAGES = YES;
				INFOPLIST_FILE = "Config/PromptTimerApp-Info.plist";
				LD_RUNPATH_SEARCH_PATHS = (
					"$(inherited)",
					"@executable_path/../Frameworks",
				);
				PRODUCT_BUNDLE_IDENTIFIER = com.joon.prompttimer;
				PRODUCT_NAME = "Prompt Timer";
				SDKROOT = macosx;
			};
			name = Release;
		};
		5BD6964185F2DAEE79EA4817 /* Release */ = {
			isa = XCBuildConfiguration;
			buildSettings = {
				CODE_SIGN_IDENTITY = "";
				COMBINE_HIDPI_IMAGES = YES;
				CURRENT_PROJECT_VERSION = 1;
				DEFINES_MODULE = YES;
				DYLIB_COMPATIBILITY_VERSION = 1;
				DYLIB_CURRENT_VERSION = 1;
				DYLIB_INSTALL_NAME_BASE = "@rpath";
				GENERATE_INFOPLIST_FILE = YES;
				INSTALL_PATH = "$(LOCAL_LIBRARY_DIR)/Frameworks";
				LD_RUNPATH_SEARCH_PATHS = (
					"$(inherited)",
					"@executable_path/../Frameworks",
				);
				PRODUCT_BUNDLE_IDENTIFIER = com.joon.prompttimer.core;
				PRODUCT_NAME = PromptTimerCore;
				SDKROOT = macosx;
				SKIP_INSTALL = YES;
				VERSIONING_SYSTEM = "apple-generic";
			};
			name = Release;
		};
		7A4C635870882B26A42692EB /* Debug */ = {
			isa = XCBuildConfiguration;
			buildSettings = {
				ASSETCATALOG_COMPILER_APPICON_NAME = AppIcon;
				CODE_SIGN_ENTITLEMENTS = Config/PromptTimerApp.entitlements;
				COMBINE_HIDPI_IMAGES = YES;
				INFOPLIST_FILE = "Config/PromptTimerApp-Info.plist";
				LD_RUNPATH_SEARCH_PATHS = (
					"$(inherited)",
					"@executable_path/../Frameworks",
				);
				PRODUCT_BUNDLE_IDENTIFIER = com.joon.prompttimer;
				PRODUCT_NAME = "Prompt Timer";
				SDKROOT = macosx;
			};
			name = Debug;
		};
		AE97D7D5CED30534AB3AA265 /* Release */ = {
			isa = XCBuildConfiguration;
			buildSettings = {
				ALWAYS_SEARCH_USER_PATHS = NO;
				CLANG_ANALYZER_NONNULL = YES;
				CLANG_ANALYZER_NUMBER_OBJECT_CONVERSION = YES_AGGRESSIVE;
				CLANG_CXX_LANGUAGE_STANDARD = "gnu++14";
				CLANG_CXX_LIBRARY = "libc++";
				CLANG_ENABLE_MODULES = YES;
				CLANG_ENABLE_OBJC_ARC = YES;
				CLANG_ENABLE_OBJC_WEAK = YES;
				CLANG_WARN_BLOCK_CAPTURE_AUTORELEASING = YES;
				CLANG_WARN_BOOL_CONVERSION = YES;
				CLANG_WARN_COMMA = YES;
				CLANG_WARN_CONSTANT_CONVERSION = YES;
				CLANG_WARN_DEPRECATED_OBJC_IMPLEMENTATIONS = YES;
				CLANG_WARN_DIRECT_OBJC_ISA_USAGE = YES_ERROR;
				CLANG_WARN_DOCUMENTATION_COMMENTS = YES;
				CLANG_WARN_EMPTY_BODY = YES;
				CLANG_WARN_ENUM_CONVERSION = YES;
				CLANG_WARN_INFINITE_RECURSION = YES;
				CLANG_WARN_INT_CONVERSION = YES;
				CLANG_WARN_NON_LITERAL_NULL_CONVERSION = YES;
				CLANG_WARN_OBJC_IMPLICIT_RETAIN_SELF = YES;
				CLANG_WARN_OBJC_LITERAL_CONVERSION = YES;
				CLANG_WARN_OBJC_ROOT_CLASS = YES_ERROR;
				CLANG_WARN_QUOTED_INCLUDE_IN_FRAMEWORK_HEADER = YES;
				CLANG_WARN_RANGE_LOOP_ANALYSIS = YES;
				CLANG_WARN_STRICT_PROTOTYPES = YES;
				CLANG_WARN_SUSPICIOUS_MOVE = YES;
				CLANG_WARN_UNGUARDED_AVAILABILITY = YES_AGGRESSIVE;
				CLANG_WARN_UNREACHABLE_CODE = YES;
				CLANG_WARN__DUPLICATE_METHOD_MATCH = YES;
				COPY_PHASE_STRIP = NO;
				DEBUG_INFORMATION_FORMAT = "dwarf-with-dsym";
				ENABLE_HARDENED_RUNTIME = YES;
				ENABLE_NS_ASSERTIONS = NO;
				ENABLE_STRICT_OBJC_MSGSEND = YES;
				GCC_C_LANGUAGE_STANDARD = gnu11;
				GCC_NO_COMMON_BLOCKS = YES;
				GCC_WARN_64_TO_32_BIT_CONVERSION = YES;
				GCC_WARN_ABOUT_RETURN_TYPE = YES_ERROR;
				GCC_WARN_UNDECLARED_SELECTOR = YES;
				GCC_WARN_UNINITIALIZED_AUTOS = YES_AGGRESSIVE;
				GCC_WARN_UNUSED_FUNCTION = YES;
				GCC_WARN_UNUSED_VARIABLE = YES;
				MACOSX_DEPLOYMENT_TARGET = 14.0;
				MTL_ENABLE_DEBUG_INFO = NO;
				MTL_FAST_MATH = YES;
				PRODUCT_NAME = "$(TARGET_NAME)";
				SDKROOT = macosx;
				SWIFT_COMPILATION_MODE = wholemodule;
				SWIFT_OPTIMIZATION_LEVEL = "-O";
				SWIFT_VERSION = 6.0;
			};
			name = Release;
		};
		B05BEDE7B4BE9515CE66B7FA /* Debug */ = {
			isa = XCBuildConfiguration;
			buildSettings = {
				CODE_SIGN_IDENTITY = "";
				COMBINE_HIDPI_IMAGES = YES;
				CURRENT_PROJECT_VERSION = 1;
				DEFINES_MODULE = YES;
				DYLIB_COMPATIBILITY_VERSION = 1;
				DYLIB_CURRENT_VERSION = 1;
				DYLIB_INSTALL_NAME_BASE = "@rpath";
				GENERATE_INFOPLIST_FILE = YES;
				INSTALL_PATH = "$(LOCAL_LIBRARY_DIR)/Frameworks";
				LD_RUNPATH_SEARCH_PATHS = (
					"$(inherited)",
					"@executable_path/../Frameworks",
				);
				PRODUCT_BUNDLE_IDENTIFIER = com.joon.prompttimer.core;
				PRODUCT_NAME = PromptTimerCore;
				SDKROOT = macosx;
				SKIP_INSTALL = YES;
				VERSIONING_SYSTEM = "apple-generic";
			};
			name = Debug;
		};
		B4D1A93EC82F656857615589 /* Release */ = {
			isa = XCBuildConfiguration;
			buildSettings = {
				BUNDLE_LOADER = "$(TEST_HOST)";
				CODE_SIGNING_ALLOWED = NO;
				CODE_SIGNING_REQUIRED = NO;
				COMBINE_HIDPI_IMAGES = YES;
				GENERATE_INFOPLIST_FILE = YES;
				LD_RUNPATH_SEARCH_PATHS = (
					"$(inherited)",
					"@executable_path/../Frameworks",
					"@loader_path/../Frameworks",
				);
				PRODUCT_BUNDLE_IDENTIFIER = com.joon.prompttimer.tests;
				SDKROOT = macosx;
			};
			name = Release;
		};
		E7B7FC015B8F1FE518B116B6 /* Debug */ = {
			isa = XCBuildConfiguration;
			buildSettings = {
				BUNDLE_LOADER = "$(TEST_HOST)";
				CODE_SIGNING_ALLOWED = NO;
				CODE_SIGNING_REQUIRED = NO;
				COMBINE_HIDPI_IMAGES = YES;
				GENERATE_INFOPLIST_FILE = YES;
				LD_RUNPATH_SEARCH_PATHS = (
					"$(inherited)",
					"@executable_path/../Frameworks",
					"@loader_path/../Frameworks",
				);
				PRODUCT_BUNDLE_IDENTIFIER = com.joon.prompttimer.tests;
				SDKROOT = macosx;
			};
			name = Debug;
		};
		E8D7A3699BBE1C99BD5B4779 /* Debug */ = {
			isa = XCBuildConfiguration;
			buildSettings = {
				ALWAYS_SEARCH_USER_PATHS = NO;
				CLANG_ANALYZER_NONNULL = YES;
				CLANG_ANALYZER_NUMBER_OBJECT_CONVERSION = YES_AGGRESSIVE;
				CLANG_CXX_LANGUAGE_STANDARD = "gnu++14";
				CLANG_CXX_LIBRARY = "libc++";
				CLANG_ENABLE_MODULES = YES;
				CLANG_ENABLE_OBJC_ARC = YES;
				CLANG_ENABLE_OBJC_WEAK = YES;
				CLANG_WARN_BLOCK_CAPTURE_AUTORELEASING = YES;
				CLANG_WARN_BOOL_CONVERSION = YES;
				CLANG_WARN_COMMA = YES;
				CLANG_WARN_CONSTANT_CONVERSION = YES;
				CLANG_WARN_DEPRECATED_OBJC_IMPLEMENTATIONS = YES;
				CLANG_WARN_DIRECT_OBJC_ISA_USAGE = YES_ERROR;
				CLANG_WARN_DOCUMENTATION_COMMENTS = YES;
				CLANG_WARN_EMPTY_BODY = YES;
				CLANG_WARN_ENUM_CONVERSION = YES;
				CLANG_WARN_INFINITE_RECURSION = YES;
				CLANG_WARN_INT_CONVERSION = YES;
				CLANG_WARN_NON_LITERAL_NULL_CONVERSION = YES;
				CLANG_WARN_OBJC_IMPLICIT_RETAIN_SELF = YES;
				CLANG_WARN_OBJC_LITERAL_CONVERSION = YES;
				CLANG_WARN_OBJC_ROOT_CLASS = YES_ERROR;
				CLANG_WARN_QUOTED_INCLUDE_IN_FRAMEWORK_HEADER = YES;
				CLANG_WARN_RANGE_LOOP_ANALYSIS = YES;
				CLANG_WARN_STRICT_PROTOTYPES = YES;
				CLANG_WARN_SUSPICIOUS_MOVE = YES;
				CLANG_WARN_UNGUARDED_AVAILABILITY = YES_AGGRESSIVE;
				CLANG_WARN_UNREACHABLE_CODE = YES;
				CLANG_WARN__DUPLICATE_METHOD_MATCH = YES;
				COPY_PHASE_STRIP = NO;
				DEBUG_INFORMATION_FORMAT = dwarf;
				ENABLE_HARDENED_RUNTIME = YES;
				ENABLE_STRICT_OBJC_MSGSEND = YES;
				ENABLE_TESTABILITY = YES;
				GCC_C_LANGUAGE_STANDARD = gnu11;
				GCC_DYNAMIC_NO_PIC = NO;
				GCC_NO_COMMON_BLOCKS = YES;
				GCC_OPTIMIZATION_LEVEL = 0;
				GCC_PREPROCESSOR_DEFINITIONS = (
					"$(inherited)",
					"DEBUG=1",
				);
				GCC_WARN_64_TO_32_BIT_CONVERSION = YES;
				GCC_WARN_ABOUT_RETURN_TYPE = YES_ERROR;
				GCC_WARN_UNDECLARED_SELECTOR = YES;
				GCC_WARN_UNINITIALIZED_AUTOS = YES_AGGRESSIVE;
				GCC_WARN_UNUSED_FUNCTION = YES;
				GCC_WARN_UNUSED_VARIABLE = YES;
				MACOSX_DEPLOYMENT_TARGET = 14.0;
				MTL_ENABLE_DEBUG_INFO = INCLUDE_SOURCE;
				MTL_FAST_MATH = YES;
				ONLY_ACTIVE_ARCH = YES;
				PRODUCT_NAME = "$(TARGET_NAME)";
				SDKROOT = macosx;
				SWIFT_ACTIVE_COMPILATION_CONDITIONS = DEBUG;
				SWIFT_OPTIMIZATION_LEVEL = "-Onone";
				SWIFT_VERSION = 6.0;
			};
			name = Debug;
		};
		F0D5F05E09A3A4DB983A5A1A /* Debug */ = {
			isa = XCBuildConfiguration;
			buildSettings = {
				CODE_SIGN_IDENTITY = "";
				COMBINE_HIDPI_IMAGES = YES;
				CURRENT_PROJECT_VERSION = 1;
				DEFINES_MODULE = YES;
				DYLIB_COMPATIBILITY_VERSION = 1;
				DYLIB_CURRENT_VERSION = 1;
				DYLIB_INSTALL_NAME_BASE = "@rpath";
				GENERATE_INFOPLIST_FILE = YES;
				INSTALL_PATH = "$(LOCAL_LIBRARY_DIR)/Frameworks";
				LD_RUNPATH_SEARCH_PATHS = (
					"$(inherited)",
					"@executable_path/../Frameworks",
				);
				PRODUCT_BUNDLE_IDENTIFIER = com.joon.prompttimer.cli.module;
				PRODUCT_NAME = TimerCLI;
				SDKROOT = macosx;
				SKIP_INSTALL = YES;
				VERSIONING_SYSTEM = "apple-generic";
			};
			name = Debug;
		};
/* End XCBuildConfiguration section */

/* Begin XCConfigurationList section */
		0D85940AB36A3C0587B78935 /* Build configuration list for PBXNativeTarget "PromptTimerTests" */ = {
			isa = XCConfigurationList;
			buildConfigurations = (
				E7B7FC015B8F1FE518B116B6 /* Debug */,
				B4D1A93EC82F656857615589 /* Release */,
			);
			defaultConfigurationIsVisible = 0;
			defaultConfigurationName = Debug;
		};
		25CB4F16B366300BF46E513E /* Build configuration list for PBXNativeTarget "timer" */ = {
			isa = XCConfigurationList;
			buildConfigurations = (
				0B56622D7898824780D617D8 /* Debug */,
				0E0D6A3ED9B35ED694C629FF /* Release */,
			);
			defaultConfigurationIsVisible = 0;
			defaultConfigurationName = Debug;
		};
		4277436F64905011B65C4F11 /* Build configuration list for PBXNativeTarget "TimerCLI" */ = {
			isa = XCConfigurationList;
			buildConfigurations = (
				F0D5F05E09A3A4DB983A5A1A /* Debug */,
				094A43524F8B3DBDAAC5A6B9 /* Release */,
			);
			defaultConfigurationIsVisible = 0;
			defaultConfigurationName = Debug;
		};
		8947AE025E64A10A63CD10E8 /* Build configuration list for PBXNativeTarget "PromptTimerCore" */ = {
			isa = XCConfigurationList;
			buildConfigurations = (
				B05BEDE7B4BE9515CE66B7FA /* Debug */,
				5BD6964185F2DAEE79EA4817 /* Release */,
			);
			defaultConfigurationIsVisible = 0;
			defaultConfigurationName = Debug;
		};
		D3185932C5C15297C4545B4C /* Build configuration list for PBXProject "PromptTimer" */ = {
			isa = XCConfigurationList;
			buildConfigurations = (
				E8D7A3699BBE1C99BD5B4779 /* Debug */,
				AE97D7D5CED30534AB3AA265 /* Release */,
			);
			defaultConfigurationIsVisible = 0;
			defaultConfigurationName = Debug;
		};
		D5E5E2665E79414C455829B3 /* Build configuration list for PBXNativeTarget "PromptTimerApp" */ = {
			isa = XCConfigurationList;
			buildConfigurations = (
				7A4C635870882B26A42692EB /* Debug */,
				1790385859B4249152955ACF /* Release */,
			);
			defaultConfigurationIsVisible = 0;
			defaultConfigurationName = Debug;
		};
/* End XCConfigurationList section */
	};
	rootObject = 0E514ACF9085C3BB04E1FE7D /* Project object */;
}
